
Microsoft Visual Studio Solution File, Format Version 12.00
# Visual Studio Version 16
VisualStudioVersion = 16.0.30717.126
MinimumVisualStudioVersion = 10.0.40219.1
Project("{FAE04EC0-301F-11D3-BF4B-00C04F79EFBC}") = "Lab7", "Lab7\Lab7.csproj", "{D655FB31-9E32-4337-BED7-EDA5ABD81A0B}"
EndProject
Global
	GlobalSection(SolutionConfigurationPlatforms) = preSolution
		Debug|Any CPU = Debug|Any CPU
		Release|Any CPU = Release|Any CPU
	EndGlobalSection
	GlobalSection(ProjectConfigurationPlatforms) = postSolution
		{D655FB31-9E32-4337-BED7-EDA5ABD81A0B}.Debug|Any CPU.ActiveCfg = Debug|Any CPU
		{D655FB31-9E32-4337-BED7-EDA5ABD81A0B}.Debug|Any CPU.Build.0 = Debug|Any CPU
		{D655FB31-9E32-4337-BED7-EDA5ABD81A0B}.Release|Any CPU.ActiveCfg = Release|Any CPU
		{D655FB31-9E32-4337-BED7-EDA5ABD81A0B}.Release|Any CPU.Build.0 = Release|Any CPU
	EndGlobalSection
	GlobalSection(SolutionProperties) = preSolution
		HideSolutionNode = FALSE
	EndGlobalSection
	GlobalSection(ExtensibilityGlobals) = postSolution
		SolutionGuid = {0E846A9C-F85F-4C7E-BA4E-C89B85B001E1}
	EndGlobalSection
EndGlobal
